
Microsoft Visual Studio Solution File, Format Version 12.00
# Visual Studio Version 16
VisualStudioVersion = 16.0.33027.164
MinimumVisualStudioVersion = 10.0.40219.1
Project("{FAE04EC0-301F-11D3-BF4B-00C04F79EFBC}") = "WebApplication1", "WebApplication1.csproj", "{041CD9F3-18A3-405D-81BD-8F09E11EC38B}"
EndProject
Global
	GlobalSection(SolutionConfigurationPlatforms) = preSolution
		Debug|Any CPU = Debug|Any CPU
		Release|Any CPU = Release|Any CPU
	EndGlobalSection
	GlobalSection(ProjectConfigurationPlatforms) = postSolution
		{041CD9F3-18A3-405D-81BD-8F09E11EC38B}.Debug|Any CPU.ActiveCfg = Debug|Any CPU
		{041CD9F3-18A3-405D-81BD-8F09E11EC38B}.Debug|Any CPU.Build.0 = Debug|Any CPU
		{041CD9F3-18A3-405D-81BD-8F09E11EC38B}.Release|Any CPU.ActiveCfg = Release|Any CPU
		{041CD9F3-18A3-405D-81BD-8F09E11EC38B}.Release|Any CPU.Build.0 = Release|Any CPU
	EndGlobalSection
	GlobalSection(SolutionProperties) = preSolution
		HideSolutionNode = FALSE
	EndGlobalSection
	GlobalSection(ExtensibilityGlobals) = postSolution
		SolutionGuid = {748721C7-1D68-41AE-B75B-E75603BD5905}
	EndGlobalSection
EndGlobal
